// !$*UTF8*$!
{
	archiveVersion = 1;
	classes = {
	};
	objectVersion = 51;
	objects = {

/* Begin PBXBuildFile section */
		3B5812982397763500437846 /* AppDelegate.swift in Sources */ = {isa = PBXBuildFile; fileRef = 3B5812972397763500437846 /* AppDelegate.swift */; };
		3B58129A2397763500437846 /* SceneDelegate.swift in Sources */ = {isa = PBXBuildFile; fileRef = 3B5812992397763500437846 /* SceneDelegate.swift */; };
		3B58129F2397763500437846 /* Main.storyboard in Resources */ = {isa = PBXBuildFile; fileRef = 3B58129D2397763500437846 /* Main.storyboard */; };
		3B5812A12397763A00437846 /* Assets.xcassets in Resources */ = {isa = PBXBuildFile; fileRef = 3B5812A02397763A00437846 /* Assets.xcassets */; };
		3B5812A42397763A00437846 /* LaunchScreen.storyboard in Resources */ = {isa = PBXBuildFile; fileRef = 3B5812A22397763A00437846 /* LaunchScreen.storyboard */; };
		3B5812B12397850100437846 /* RoomViewController.swift in Sources */ = {isa = PBXBuildFile; fileRef = 3B5812B02397850100437846 /* RoomViewController.swift */; };
		3B5812B32397852100437846 /* ChatViewController.swift in Sources */ = {isa = PBXBuildFile; fileRef = 3B5812B22397852100437846 /* ChatViewController.swift */; };
		3B5812B6239785B300437846 /* Room.swift in Sources */ = {isa = PBXBuildFile; fileRef = 3B5812B5239785B300437846 /* Room.swift */; };
		3B5812B8239785C600437846 /* Message.swift in Sources */ = {isa = PBXBuildFile; fileRef = 3B5812B7239785C600437846 /* Message.swift */; };
		3B5812EA239A347500437846 /* GoogleService-Info.plist in Resources */ = {isa = PBXBuildFile; fileRef = 3B5812E9239A347500437846 /* GoogleService-Info.plist */; };
		C82C549CD42CEFDB35DC6051 /* Pods_SimpleChatApp.framework in Frameworks */ = {isa = PBXBuildFile; fileRef = 8CFB41D8459DA190AD004319 /* Pods_SimpleChatApp.framework */; };
/* End PBXBuildFile section */

/* Begin PBXFileReference section */
		3B5812942397763500437846 /* SimpleChatApp.app */ = {isa = PBXFileReference; explicitFileType = wrapper.application; includeInIndex = 0; path = SimpleChatApp.app; sourceTree = BUILT_PRODUCTS_DIR; };
		3B5812972397763500437846 /* AppDelegate.swift */ = {isa = PBXFileReference; lastKnownFileType = sourcecode.swift; path = AppDelegate.swift; sourceTree = "<group>"; };
		3B5812992397763500437846 /* SceneDelegate.swift */ = {isa = PBXFileReference; lastKnownFileType = sourcecode.swift; path = SceneDelegate.swift; sourceTree = "<group>"; };
		3B58129E2397763500437846 /* Base */ = {isa = PBXFileReference; lastKnownFileType = file.storyboard; name = Base; path = Base.lproj/Main.storyboard; sourceTree = "<group>"; };
		3B5812A02397763A00437846 /* Assets.xcassets */ = {isa = PBXFileReference; lastKnownFileType = folder.assetcatalog; path = Assets.xcassets; sourceTree = "<group>"; };
		3B5812A32397763A00437846 /* Base */ = {isa = PBXFileReference; lastKnownFileType = file.storyboard; name = Base; path = Base.lproj/LaunchScreen.storyboard; sourceTree = "<group>"; };
		3B5812A52397763A00437846 /* Info.plist */ = {isa = PBXFileReference; lastKnownFileType = text.plist.xml; path = Info.plist; sourceTree = "<group>"; };
		3B5812B02397850100437846 /* RoomViewController.swift */ = {isa = PBXFileReference; lastKnownFileType = sourcecode.swift; path = RoomViewController.swift; sourceTree = "<group>"; };
		3B5812B22397852100437846 /* ChatViewController.swift */ = {isa = PBXFileReference; lastKnownFileType = sourcecode.swift; path = ChatViewController.swift; sourceTree = "<group>"; };
		3B5812B5239785B300437846 /* Room.swift */ = {isa = PBXFileReference; lastKnownFileType = sourcecode.swift; path = Room.swift; sourceTree = "<group>"; };
		3B5812B7239785C600437846 /* Message.swift */ = {isa = PBXFileReference; lastKnownFileType = sourcecode.swift; path = Message.swift; sourceTree = "<group>"; };
		3B5812E9239A347500437846 /* GoogleService-Info.plist */ = {isa = PBXFileReference; fileEncoding = 4; lastKnownFileType = text.plist.xml; path = "GoogleService-Info.plist"; sourceTree = "<group>"; };
		7A2D7AAEC44666486B49C91C /* Pods-SimpleChatApp.release.xcconfig */ = {isa = PBXFileReference; includeInIndex = 1; lastKnownFileType = text.xcconfig; name = "Pods-SimpleChatApp.release.xcconfig"; path = "Target Support Files/Pods-SimpleChatApp/Pods-SimpleChatApp.release.xcconfig"; sourceTree = "<group>"; };
		8CFB41D8459DA190AD004319 /* Pods_SimpleChatApp.framework */ = {isa = PBXFileReference; explicitFileType = wrapper.framework; includeInIndex = 0; path = Pods_SimpleChatApp.framework; sourceTree = BUILT_PRODUCTS_DIR; };
		DA8B4EE9EEA14F189E16AAF7 /* Pods-SimpleChatApp.debug.xcconfig */ = {isa = PBXFileReference; includeInIndex = 1; lastKnownFileType = text.xcconfig; name = "Pods-SimpleChatApp.debug.xcconfig"; path = "Target Support Files/Pods-SimpleChatApp/Pods-SimpleChatApp.debug.xcconfig"; sourceTree = "<group>"; };
/* End PBXFileReference section */

/* Begin PBXFrameworksBuildPhase section */
		3B5812912397763500437846 /* Frameworks */ = {
			isa = PBXFrameworksBuildPhase;
			buildActionMask = 2147483647;
			files = (
				C82C549CD42CEFDB35DC6051 /* Pods_SimpleChatApp.framework in Frameworks */,
			);
			runOnlyForDeploymentPostprocessing = 0;
		};
/* End PBXFrameworksBuildPhase section */

/* Begin PBXGroup section */
		0059DEC6CBEAE1B63034A626 /* Frameworks */ = {
			isa = PBXGroup;
			children = (
				8CFB41D8459DA190AD004319 /* Pods_SimpleChatApp.framework */,
			);
			name = Frameworks;
			sourceTree = "<group>";
		};
		3B58128B2397763500437846 = {
			isa = PBXGroup;
			children = (
				3B5812962397763500437846 /* SimpleChatApp */,
				3B5812952397763500437846 /* Products */,
				5428AA65F44F7CBA4E195E92 /* Pods */,
				0059DEC6CBEAE1B63034A626 /* Frameworks */,
			);
			sourceTree = "<group>";
		};
		3B5812952397763500437846 /* Products */ = {
			isa = PBXGroup;
			children = (
				3B5812942397763500437846 /* SimpleChatApp.app */,
			);
			name = Products;
			sourceTree = "<group>";
		};
		3B5812962397763500437846 /* SimpleChatApp */ = {
			isa = PBXGroup;
			children = (
				3B5812B42397856500437846 /* Objects */,
				3B5812AF239784C800437846 /* Controllers */,
				3B5812972397763500437846 /* AppDelegate.swift */,
				3B5812992397763500437846 /* SceneDelegate.swift */,
				3B58129D2397763500437846 /* Main.storyboard */,
				3B5812A02397763A00437846 /* Assets.xcassets */,
				3B5812A22397763A00437846 /* LaunchScreen.storyboard */,
				3B5812E9239A347500437846 /* GoogleService-Info.plist */,
				3B5812A52397763A00437846 /* Info.plist */,
			);
			path = SimpleChatApp;
			sourceTree = "<group>";
		};
		3B5812AF239784C800437846 /* Controllers */ = {
			isa = PBXGroup;
			children = (
				3B5812B02397850100437846 /* RoomViewController.swift */,
				3B5812B22397852100437846 /* ChatViewController.swift */,
			);
			path = Controllers;
			sourceTree = "<group>";
		};
		3B5812B42397856500437846 /* Objects */ = {
			isa = PBXGroup;
			children = (
				3B5812B5239785B300437846 /* Room.swift */,
				3B5812B7239785C600437846 /* Message.swift */,
			);
			path = Objects;
			sourceTree = "<group>";
		};
		5428AA65F44F7CBA4E195E92 /* Pods */ = {
			isa = PBXGroup;
			children = (
				DA8B4EE9EEA14F189E16AAF7 /* Pods-SimpleChatApp.debug.xcconfig */,
				7A2D7AAEC44666486B49C91C /* Pods-SimpleChatApp.release.xcconfig */,
			);
			path = Pods;
			sourceTree = "<group>";
		};
/* End PBXGroup section */

/* Begin PBXNativeTarget section */
		3B5812932397763500437846 /* SimpleChatApp */ = {
			isa = PBXNativeTarget;
			buildConfigurationList = 3B5812A82397763A00437846 /* Build configuration list for PBXNativeTarget "SimpleChatApp" */;
			buildPhases = (
				543EA6C5D1C11EFA05A74926 /* [CP] Check Pods Manifest.lock */,
				3B5812902397763500437846 /* Sources */,
				3B5812912397763500437846 /* Frameworks */,
				3B5812922397763500437846 /* Resources */,
				C9D137FE0C72EFF5D2E5E519 /* [CP] Embed Pods Frameworks */,
			);
			buildRules = (
			);
			dependencies = (
			);
			name = SimpleChatApp;
			productName = SimpleChatApp;
			productReference = 3B5812942397763500437846 /* SimpleChatApp.app */;
			productType = "com.apple.product-type.application";
		};
/* End PBXNativeTarget section */

/* Begin PBXProject section */
		3B58128C2397763500437846 /* Project object */ = {
			isa = PBXProject;
			attributes = {
				LastSwiftUpdateCheck = 1120;
				LastUpgradeCheck = 1120;
				ORGANIZATIONNAME = "高倉楓麻";
				TargetAttributes = {
					3B5812932397763500437846 = {
						CreatedOnToolsVersion = 11.2.1;
					};
				};
			};
			buildConfigurationList = 3B58128F2397763500437846 /* Build configuration list for PBXProject "SimpleChatApp" */;
			compatibilityVersion = "Xcode 9.3";
			developmentRegion = en;
			hasScannedForEncodings = 0;
			knownRegions = (
				en,
				Base,
			);
			mainGroup = 3B58128B2397763500437846;
			productRefGroup = 3B5812952397763500437846 /* Products */;
			projectDirPath = "";
			projectRoot = "";
			targets = (
				3B5812932397763500437846 /* SimpleChatApp */,
			);
		};
/* End PBXProject section */

/* Begin PBXResourcesBuildPhase section */
		3B5812922397763500437846 /* Resources */ = {
			isa = PBXResourcesBuildPhase;
			buildActionMask = 2147483647;
			files = (
				3B5812A42397763A00437846 /* LaunchScreen.storyboard in Resources */,
				3B5812EA239A347500437846 /* GoogleService-Info.plist in Resources */,
				3B5812A12397763A00437846 /* Assets.xcassets in Resources */,
				3B58129F2397763500437846 /* Main.storyboard in Resources */,
			);
			runOnlyForDeploymentPostprocessing = 0;
		};
/* End PBXResourcesBuildPhase section */

/* Begin PBXShellScriptBuildPhase section */
		543EA6C5D1C11EFA05A74926 /* [CP] Check Pods Manifest.lock */ = {
			isa = PBXShellScriptBuildPhase;
			buildActionMask = 2147483647;
			files = (
			);
			inputFileListPaths = (
			);
			inputPaths = (
				"${PODS_PODFILE_DIR_PATH}/Podfile.lock",
				"${PODS_ROOT}/Manifest.lock",
			);
			name = "[CP] Check Pods Manifest.lock";
			outputFileListPaths = (
			);
			outputPaths = (
				"$(DERIVED_FILE_DIR)/Pods-SimpleChatApp-checkManifestLockResult.txt",
			);
			runOnlyForDeploymentPostprocessing = 0;
			shellPath = /bin/sh;
			shellScript = "diff \"${PODS_PODFILE_DIR_PATH}/Podfile.lock\" \"${PODS_ROOT}/Manifest.lock\" > /dev/null\nif [ $? != 0 ] ; then\n    # print error to STDERR\n    echo \"error: The sandbox is not in sync with the Podfile.lock. Run 'pod install' or update your CocoaPods installation.\" >&2\n    exit 1\nfi\n# This output is used by Xcode 'outputs' to avoid re-running this script phase.\necho \"SUCCESS\" > \"${SCRIPT_OUTPUT_FILE_0}\"\n";
			showEnvVarsInLog = 0;
		};
		C9D137FE0C72EFF5D2E5E519 /* [CP] Embed Pods Frameworks */ = {
			isa = PBXShellScriptBuildPhase;
			buildActionMask = 2147483647;
			files = (
			);
			inputFileListPaths = (
				"${PODS_ROOT}/Target Support Files/Pods-SimpleChatApp/Pods-SimpleChatApp-frameworks-${CONFIGURATION}-input-files.xcfilelist",
			);
			name = "[CP] Embed Pods Frameworks";
			outputFileListPaths = (
				"${PODS_ROOT}/Target Support Files/Pods-SimpleChatApp/Pods-SimpleChatApp-frameworks-${CONFIGURATION}-output-files.xcfilelist",
			);
			runOnlyForDeploymentPostprocessing = 0;
			shellPath = /bin/sh;
			shellScript = "\"${PODS_ROOT}/Target Support Files/Pods-SimpleChatApp/Pods-SimpleChatApp-frameworks.sh\"\n";
			showEnvVarsInLog = 0;
		};
/* End PBXShellScriptBuildPhase section */

/* Begin PBXSourcesBuildPhase section */
		3B5812902397763500437846 /* Sources */ = {
			isa = PBXSourcesBuildPhase;
			buildActionMask = 2147483647;
			files = (
				3B5812B12397850100437846 /* RoomViewController.swift in Sources */,
				3B5812982397763500437846 /* AppDelegate.swift in Sources */,
				3B5812B32397852100437846 /* ChatViewController.swift in Sources */,
				3B5812B8239785C600437846 /* Message.swift in Sources */,
				3B58129A2397763500437846 /* SceneDelegate.swift in Sources */,
				3B5812B6239785B300437846 /* Room.swift in Sources */,
			);
			runOnlyForDeploymentPostprocessing = 0;
		};
/* End PBXSourcesBuildPhase section */

/* Begin PBXVariantGroup section */
		3B58129D2397763500437846 /* Main.storyboard */ = {
			isa = PBXVariantGroup;
			children = (
				3B58129E2397763500437846 /* Base */,
			);
			name = Main.storyboard;
			sourceTree = "<group>";
		};
		3B5812A22397763A00437846 /* LaunchScreen.storyboard */ = {
			isa = PBXVariantGroup;
			children = (
				3B5812A32397763A00437846 /* Base */,
			);
			name = LaunchScreen.storyboard;
			sourceTree = "<group>";
		};
/* End PBXVariantGroup section */

/* Begin XCBuildConfiguration section */
		3B5812A62397763A00437846 /* Debug */ = {
			isa = XCBuildConfiguration;
			buildSettings = {
				ALWAYS_SEARCH_USER_PATHS = NO;
				CLANG_ANALYZER_NONNULL = YES;
				CLANG_ANALYZER_NUMBER_OBJECT_CONVERSION = YES_AGGRESSIVE;
				CLANG_CXX_LANGUAGE_STANDARD = "gnu++14";
				CLANG_CXX_LIBRARY = "libc++";
				CLANG_ENABLE_MODULES = YES;
				CLANG_ENABLE_OBJC_ARC = YES;
				CLANG_ENABLE_OBJC_WEAK = YES;
				CLANG_WARN_BLOCK_CAPTURE_AUTORELEASING = YES;
				CLANG_WARN_BOOL_CONVERSION = YES;
				CLANG_WARN_COMMA = YES;
				CLANG_WARN_CONSTANT_CONVERSION = YES;
				CLANG_WARN_DEPRECATED_OBJC_IMPLEMENTATIONS = YES;
				CLANG_WARN_DIRECT_OBJC_ISA_USAGE = YES_ERROR;
				CLANG_WARN_DOCUMENTATION_COMMENTS = YES;
				CLANG_WARN_EMPTY_BODY = YES;
				CLANG_WARN_ENUM_CONVERSION = YES;
				CLANG_WARN_INFINITE_RECURSION = YES;
				CLANG_WARN_INT_CONVERSION = YES;
				CLANG_WARN_NON_LITERAL_NULL_CONVERSION = YES;
				CLANG_WARN_OBJC_IMPLICIT_RETAIN_SELF = YES;
				CLANG_WARN_OBJC_LITERAL_CONVERSION = YES;
				CLANG_WARN_OBJC_ROOT_CLASS = YES_ERROR;
				CLANG_WARN_RANGE_LOOP_ANALYSIS = YES;
				CLANG_WARN_STRICT_PROTOTYPES = YES;
				CLANG_WARN_SUSPICIOUS_MOVE = YES;
				CLANG_WARN_UNGUARDED_AVAILABILITY = YES_AGGRESSIVE;
				CLANG_WARN_UNREACHABLE_CODE = YES;
				CLANG_WARN__DUPLICATE_METHOD_MATCH = YES;
				COPY_PHASE_STRIP = NO;
				DEBUG_INFORMATION_FORMAT = dwarf;
				ENABLE_STRICT_OBJC_MSGSEND = YES;
				ENABLE_TESTABILITY = YES;
				GCC_C_LANGUAGE_STANDARD = gnu11;
				GCC_DYNAMIC_NO_PIC = NO;
				GCC_NO_COMMON_BLOCKS = YES;
				GCC_OPTIMIZATION_LEVEL = 0;
				GCC_PREPROCESSOR_DEFINITIONS = (
					"DEBUG=1",
					"$(inherited)",
				);
				GCC_WARN_64_TO_32_BIT_CONVERSION = YES;
				GCC_WARN_ABOUT_RETURN_TYPE = YES_ERROR;
				GCC_WARN_UNDECLARED_SELECTOR = YES;
				GCC_WARN_UNINITIALIZED_AUTOS = YES_AGGRESSIVE;
				GCC_WARN_UNUSED_FUNCTION = YES;
				GCC_WARN_UNUSED_VARIABLE = YES;
				IPHONEOS_DEPLOYMENT_TARGET = 13.2;
				MTL_ENABLE_DEBUG_INFO = INCLUDE_SOURCE;
				MTL_FAST_MATH = YES;
				ONLY_ACTIVE_ARCH = YES;
				SDKROOT = iphoneos;
				SWIFT_ACTIVE_COMPILATION_CONDITIONS = DEBUG;
				SWIFT_OPTIMIZATION_LEVEL = "-Onone";
			};
			name = Debug;
		};
		3B5812A72397763A00437846 /* Release */ = {
			isa = XCBuildConfiguration;
			buildSettings = {
				ALWAYS_SEARCH_USER_PATHS = NO;
				CLANG_ANALYZER_NONNULL = YES;
				CLANG_ANALYZER_NUMBER_OBJECT_CONVERSION = YES_AGGRESSIVE;
				CLANG_CXX_LANGUAGE_STANDARD = "gnu++14";
				CLANG_CXX_LIBRARY = "libc++";
				CLANG_ENABLE_MODULES = YES;
				CLANG_ENABLE_OBJC_ARC = YES;
				CLANG_ENABLE_OBJC_WEAK = YES;
				CLANG_WARN_BLOCK_CAPTURE_AUTORELEASING = YES;
				CLANG_WARN_BOOL_CONVERSION = YES;
				CLANG_WARN_COMMA = YES;
				CLANG_WARN_CONSTANT_CONVERSION = YES;
				CLANG_WARN_DEPRECATED_OBJC_IMPLEMENTATIONS = YES;
				CLANG_WARN_DIRECT_OBJC_ISA_USAGE = YES_ERROR;
				CLANG_WARN_DOCUMENTATION_COMMENTS = YES;
				CLANG_WARN_EMPTY_BODY = YES;
				CLANG_WARN_ENUM_CONVERSION = YES;
				CLANG_WARN_INFINITE_RECURSION = YES;
				CLANG_WARN_INT_CONVERSION = YES;
				CLANG_WARN_NON_LITERAL_NULL_CONVERSION = YES;
				CLANG_WARN_OBJC_IMPLICIT_RETAIN_SELF = YES;
				CLANG_WARN_OBJC_LITERAL_CONVERSION = YES;
				CLANG_WARN_OBJC_ROOT_CLASS = YES_ERROR;
				CLANG_WARN_RANGE_LOOP_ANALYSIS = YES;
				CLANG_WARN_STRICT_PROTOTYPES = YES;
				CLANG_WARN_SUSPICIOUS_MOVE = YES;
				CLANG_WARN_UNGUARDED_AVAILABILITY = YES_AGGRESSIVE;
				CLANG_WARN_UNREACHABLE_CODE = YES;
				CLANG_WARN__DUPLICATE_METHOD_MATCH = YES;
				COPY_PHASE_STRIP = NO;
				DEBUG_INFORMATION_FORMAT = "dwarf-with-dsym";
				ENABLE_NS_ASSERTIONS = NO;
				ENABLE_STRICT_OBJC_MSGSEND = YES;
				GCC_C_LANGUAGE_STANDARD = gnu11;
				GCC_NO_COMMON_BLOCKS = YES;
				GCC_WARN_64_TO_32_BIT_CONVERSION = YES;
				GCC_WARN_ABOUT_RETURN_TYPE = YES_ERROR;
				GCC_WARN_UNDECLARED_SELECTOR = YES;
				GCC_WARN_UNINITIALIZED_AUTOS = YES_AGGRESSIVE;
				GCC_WARN_UNUSED_FUNCTION = YES;
				GCC_WARN_UNUSED_VARIABLE = YES;
				IPHONEOS_DEPLOYMENT_TARGET = 13.2;
				MTL_ENABLE_DEBUG_INFO = NO;
				MTL_FAST_MATH = YES;
				SDKROOT = iphoneos;
				SWIFT_COMPILATION_MODE = wholemodule;
				SWIFT_OPTIMIZATION_LEVEL = "-O";
				VALIDATE_PRODUCT = YES;
			};
			name = Release;
		};
		3B5812A92397763A00437846 /* Debug */ = {
			isa = XCBuildConfiguration;
			baseConfigurationReference = DA8B4EE9EEA14F189E16AAF7 /* Pods-SimpleChatApp.debug.xcconfig */;
			buildSettings = {
				ASSETCATALOG_COMPILER_APPICON_NAME = AppIcon;
				CODE_SIGN_STYLE = Automatic;
				DEVELOPMENT_TEAM = M38X2J3RK6;
				INFOPLIST_FILE = SimpleChatApp/Info.plist;
				LD_RUNPATH_SEARCH_PATHS = (
					"$(inherited)",
					"@executable_path/Frameworks",
				);
				PRODUCT_BUNDLE_IDENTIFIER = com.example.SimpleChatApp;
				PRODUCT_NAME = "$(TARGET_NAME)";
				SWIFT_VERSION = 5.0;
				TARGETED_DEVICE_FAMILY = "1,2";
			};
			name = Debug;
		};
		3B5812AA2397763A00437846 /* Release */ = {
			isa = XCBuildConfiguration;
			baseConfigurationReference = 7A2D7AAEC44666486B49C91C /* Pods-SimpleChatApp.release.xcconfig */;
			buildSettings = {
				ASSETCATALOG_COMPILER_APPICON_NAME = AppIcon;
				CODE_SIGN_STYLE = Automatic;
				DEVELOPMENT_TEAM = M38X2J3RK6;
				INFOPLIST_FILE = SimpleChatApp/Info.plist;
				LD_RUNPATH_SEARCH_PATHS = (
					"$(inherited)",
					"@executable_path/Frameworks",
				);
				PRODUCT_BUNDLE_IDENTIFIER = com.example.SimpleChatApp;
				PRODUCT_NAME = "$(TARGET_NAME)";
				SWIFT_VERSION = 5.0;
				TARGETED_DEVICE_FAMILY = "1,2";
			};
			name = Release;
		};
/* End XCBuildConfiguration section */

/* Begin XCConfigurationList section */
		3B58128F2397763500437846 /* Build configuration list for PBXProject "SimpleChatApp" */ = {
			isa = XCConfigurationList;
			buildConfigurations = (
				3B5812A62397763A00437846 /* Debug */,
				3B5812A72397763A00437846 /* Release */,
			);
			defaultConfigurationIsVisible = 0;
			defaultConfigurationName = Release;
		};
		3B5812A82397763A00437846 /* Build configuration list for PBXNativeTarget "SimpleChatApp" */ = {
			isa = XCConfigurationList;
			buildConfigurations = (
				3B5812A92397763A00437846 /* Debug */,
				3B5812AA2397763A00437846 /* Release */,
			);
			defaultConfigurationIsVisible = 0;
			defaultConfigurationName = Release;
		};
/* End XCConfigurationList section */
	};
	rootObject = 3B58128C2397763500437846 /* Project object */;
}
